// !$*UTF8*$!
{
	archiveVersion = 1;
	classes = {
	};
	objectVersion = 48;
	objects = {

/* Begin PBXBuildFile section */
		59CA439E1FCA827A00E11342 /* AppDelegate.swift in Sources */ = {isa = PBXBuildFile; fileRef = 59CA439D1FCA827A00E11342 /* AppDelegate.swift */; };
		59CA43A01FCA827A00E11342 /* MainViewController.swift in Sources */ = {isa = PBXBuildFile; fileRef = 59CA439F1FCA827A00E11342 /* MainViewController.swift */; };
		59CA43A31FCA827A00E11342 /* Main.storyboard in Resources */ = {isa = PBXBuildFile; fileRef = 59CA43A11FCA827A00E11342 /* Main.storyboard */; };
		59CA43A51FCA827A00E11342 /* Assets.xcassets in Resources */ = {isa = PBXBuildFile; fileRef = 59CA43A41FCA827A00E11342 /* Assets.xcassets */; };
		59CA43B31FCA827A00E11342 /* WeatherNowTests.swift in Sources */ = {isa = PBXBuildFile; fileRef = 59CA43B21FCA827A00E11342 /* WeatherNowTests.swift */; };
		59CA43BE1FCA827A00E11342 /* WeatherNowUITests.swift in Sources */ = {isa = PBXBuildFile; fileRef = 59CA43BD1FCA827A00E11342 /* WeatherNowUITests.swift */; };
		59CA43CC1FCA831D00E11342 /* IntroViewController.swift in Sources */ = {isa = PBXBuildFile; fileRef = 59CA43CB1FCA831D00E11342 /* IntroViewController.swift */; };
		59CA43CE1FCA837200E11342 /* LocationSettingsViewController.swift in Sources */ = {isa = PBXBuildFile; fileRef = 59CA43CD1FCA837200E11342 /* LocationSettingsViewController.swift */; };
		59CA43D31FCA89A500E11342 /* CurrentWeatherObject.swift in Sources */ = {isa = PBXBuildFile; fileRef = 59CA43D21FCA89A500E11342 /* CurrentWeatherObject.swift */; };
		59CA43D61FCA89CD00E11342 /* CoordinateObject.swift in Sources */ = {isa = PBXBuildFile; fileRef = 59CA43D51FCA89CD00E11342 /* CoordinateObject.swift */; };
		59CA43D81FCA89E900E11342 /* MainWeatherInfoObject.swift in Sources */ = {isa = PBXBuildFile; fileRef = 59CA43D71FCA89E900E11342 /* MainWeatherInfoObject.swift */; };
		59CA43DA1FCA8A0400E11342 /* WindObject.swift in Sources */ = {isa = PBXBuildFile; fileRef = 59CA43D91FCA8A0400E11342 /* WindObject.swift */; };
		59CA43DC1FCA8A1900E11342 /* WeatherObject.swift in Sources */ = {isa = PBXBuildFile; fileRef = 59CA43DB1FCA8A1900E11342 /* WeatherObject.swift */; };
		59CA43DF1FCA8A5F00E11342 /* Localizable.strings in Resources */ = {isa = PBXBuildFile; fileRef = 59CA43DD1FCA8A5F00E11342 /* Localizable.strings */; };
		59CA43EA1FCA8AA500E11342 /* location_icon@2x.png in Resources */ = {isa = PBXBuildFile; fileRef = 59CA43E11FCA8AA500E11342 /* location_icon@2x.png */; };
		59CA43EB1FCA8AA500E11342 /* search_icon@2x.png in Resources */ = {isa = PBXBuildFile; fileRef = 59CA43E21FCA8AA500E11342 /* search_icon@2x.png */; };
		59CA43EC1FCA8AA500E11342 /* weather_launch_image@3x.png in Resources */ = {isa = PBXBuildFile; fileRef = 59CA43E31FCA8AA500E11342 /* weather_launch_image@3x.png */; };
		59CA43ED1FCA8AA500E11342 /* search_icon.png in Resources */ = {isa = PBXBuildFile; fileRef = 59CA43E41FCA8AA500E11342 /* search_icon.png */; };
		59CA43EE1FCA8AA500E11342 /* weather_launch_image.png in Resources */ = {isa = PBXBuildFile; fileRef = 59CA43E51FCA8AA500E11342 /* weather_launch_image.png */; };
		59CA43EF1FCA8AA500E11342 /* location_icon.png in Resources */ = {isa = PBXBuildFile; fileRef = 59CA43E61FCA8AA500E11342 /* location_icon.png */; };
		59CA43F01FCA8AA500E11342 /* location_icon@3x.png in Resources */ = {isa = PBXBuildFile; fileRef = 59CA43E71FCA8AA500E11342 /* location_icon@3x.png */; };
		59CA43F11FCA8AA500E11342 /* search_icon@3x.png in Resources */ = {isa = PBXBuildFile; fileRef = 59CA43E81FCA8AA500E11342 /* search_icon@3x.png */; };
		59CA43F21FCA8AA500E11342 /* weather_launch_image@2x.png in Resources */ = {isa = PBXBuildFile; fileRef = 59CA43E91FCA8AA500E11342 /* weather_launch_image@2x.png */; };
		59CA43F51FCA8EA700E11342 /* InfoPlist.strings in Resources */ = {isa = PBXBuildFile; fileRef = 59CA43F31FCA8EA700E11342 /* InfoPlist.strings */; };
/* End PBXBuildFile section */

/* Begin PBXContainerItemProxy section */
		59CA43AF1FCA827A00E11342 /* PBXContainerItemProxy */ = {
			isa = PBXContainerItemProxy;
			containerPortal = 59CA43921FCA827900E11342 /* Project object */;
			proxyType = 1;
			remoteGlobalIDString = 59CA43991FCA827900E11342;
			remoteInfo = WeatherNow;
		};
		59CA43BA1FCA827A00E11342 /* PBXContainerItemProxy */ = {
			isa = PBXContainerItemProxy;
			containerPortal = 59CA43921FCA827900E11342 /* Project object */;
			proxyType = 1;
			remoteGlobalIDString = 59CA43991FCA827900E11342;
			remoteInfo = WeatherNow;
		};
/* End PBXContainerItemProxy section */

/* Begin PBXFileReference section */
		59CA439A1FCA827900E11342 /* WeatherNow.app */ = {isa = PBXFileReference; explicitFileType = wrapper.application; includeInIndex = 0; path = WeatherNow.app; sourceTree = BUILT_PRODUCTS_DIR; };
		59CA439D1FCA827A00E11342 /* AppDelegate.swift */ = {isa = PBXFileReference; lastKnownFileType = sourcecode.swift; path = AppDelegate.swift; sourceTree = "<group>"; };
		59CA439F1FCA827A00E11342 /* MainViewController.swift */ = {isa = PBXFileReference; lastKnownFileType = sourcecode.swift; path = MainViewController.swift; sourceTree = "<group>"; };
		59CA43A21FCA827A00E11342 /* Base */ = {isa = PBXFileReference; lastKnownFileType = file.storyboard; name = Base; path = Base.lproj/Main.storyboard; sourceTree = "<group>"; };
		59CA43A41FCA827A00E11342 /* Assets.xcassets */ = {isa = PBXFileReference; lastKnownFileType = folder.assetcatalog; path = Assets.xcassets; sourceTree = "<group>"; };
		59CA43A91FCA827A00E11342 /* Info.plist */ = {isa = PBXFileReference; lastKnownFileType = text.plist.xml; path = Info.plist; sourceTree = "<group>"; };
		59CA43AE1FCA827A00E11342 /* WeatherNowTests.xctest */ = {isa = PBXFileReference; explicitFileType = wrapper.cfbundle; includeInIndex = 0; path = WeatherNowTests.xctest; sourceTree = BUILT_PRODUCTS_DIR; };
		59CA43B21FCA827A00E11342 /* WeatherNowTests.swift */ = {isa = PBXFileReference; lastKnownFileType = sourcecode.swift; path = WeatherNowTests.swift; sourceTree = "<group>"; };
		59CA43B41FCA827A00E11342 /* Info.plist */ = {isa = PBXFileReference; lastKnownFileType = text.plist.xml; path = Info.plist; sourceTree = "<group>"; };
		59CA43B91FCA827A00E11342 /* WeatherNowUITests.xctest */ = {isa = PBXFileReference; explicitFileType = wrapper.cfbundle; includeInIndex = 0; path = WeatherNowUITests.xctest; sourceTree = BUILT_PRODUCTS_DIR; };
		59CA43BD1FCA827A00E11342 /* WeatherNowUITests.swift */ = {isa = PBXFileReference; lastKnownFileType = sourcecode.swift; path = WeatherNowUITests.swift; sourceTree = "<group>"; };
		59CA43BF1FCA827A00E11342 /* Info.plist */ = {isa = PBXFileReference; lastKnownFileType = text.plist.xml; path = Info.plist; sourceTree = "<group>"; };
		59CA43CB1FCA831D00E11342 /* IntroViewController.swift */ = {isa = PBXFileReference; lastKnownFileType = sourcecode.swift; path = IntroViewController.swift; sourceTree = "<group>"; };
		59CA43CD1FCA837200E11342 /* LocationSettingsViewController.swift */ = {isa = PBXFileReference; lastKnownFileType = sourcecode.swift; path = LocationSettingsViewController.swift; sourceTree = "<group>"; };
		59CA43D21FCA89A500E11342 /* CurrentWeatherObject.swift */ = {isa = PBXFileReference; lastKnownFileType = sourcecode.swift; path = CurrentWeatherObject.swift; sourceTree = "<group>"; };
		59CA43D51FCA89CD00E11342 /* CoordinateObject.swift */ = {isa = PBXFileReference; lastKnownFileType = sourcecode.swift; path = CoordinateObject.swift; sourceTree = "<group>"; };
		59CA43D71FCA89E900E11342 /* MainWeatherInfoObject.swift */ = {isa = PBXFileReference; lastKnownFileType = sourcecode.swift; path = MainWeatherInfoObject.swift; sourceTree = "<group>"; };
		59CA43D91FCA8A0400E11342 /* WindObject.swift */ = {isa = PBXFileReference; lastKnownFileType = sourcecode.swift; path = WindObject.swift; sourceTree = "<group>"; };
		59CA43DB1FCA8A1900E11342 /* WeatherObject.swift */ = {isa = PBXFileReference; lastKnownFileType = sourcecode.swift; path = WeatherObject.swift; sourceTree = "<group>"; };
		59CA43DE1FCA8A5F00E11342 /* Base */ = {isa = PBXFileReference; lastKnownFileType = text.plist.strings; name = Base; path = Base.lproj/Localizable.strings; sourceTree = "<group>"; };
		59CA43E11FCA8AA500E11342 /* location_icon@2x.png */ = {isa = PBXFileReference; lastKnownFileType = image.png; path = "location_icon@2x.png"; sourceTree = "<group>"; };
		59CA43E21FCA8AA500E11342 /* search_icon@2x.png */ = {isa = PBXFileReference; lastKnownFileType = image.png; path = "search_icon@2x.png"; sourceTree = "<group>"; };
		59CA43E31FCA8AA500E11342 /* weather_launch_image@3x.png */ = {isa = PBXFileReference; lastKnownFileType = image.png; path = "weather_launch_image@3x.png"; sourceTree = "<group>"; };
		59CA43E41FCA8AA500E11342 /* search_icon.png */ = {isa = PBXFileReference; lastKnownFileType = image.png; path = search_icon.png; sourceTree = "<group>"; };
		59CA43E51FCA8AA500E11342 /* weather_launch_image.png */ = {isa = PBXFileReference; lastKnownFileType = image.png; path = weather_launch_image.png; sourceTree = "<group>"; };
		59CA43E61FCA8AA500E11342 /* location_icon.png */ = {isa = PBXFileReference; lastKnownFileType = image.png; path = location_icon.png; sourceTree = "<group>"; };
		59CA43E71FCA8AA500E11342 /* location_icon@3x.png */ = {isa = PBXFileReference; lastKnownFileType = image.png; path = "location_icon@3x.png"; sourceTree = "<group>"; };
		59CA43E81FCA8AA500E11342 /* search_icon@3x.png */ = {isa = PBXFileReference; lastKnownFileType = image.png; path = "search_icon@3x.png"; sourceTree = "<group>"; };
		59CA43E91FCA8AA500E11342 /* weather_launch_image@2x.png */ = {isa = PBXFileReference; lastKnownFileType = image.png; path = "weather_launch_image@2x.png"; sourceTree = "<group>"; };
		59CA43F41FCA8EA700E11342 /* Base */ = {isa = PBXFileReference; lastKnownFileType = text.plist.strings; name = Base; path = Base.lproj/InfoPlist.strings; sourceTree = "<group>"; };
		59CA43F71FCA907600E11342 /* es */ = {isa = PBXFileReference; lastKnownFileType = text.plist.strings; name = es; path = es.lproj/Localizable.strings; sourceTree = "<group>"; };
		59CA43F81FCA907600E11342 /* es */ = {isa = PBXFileReference; lastKnownFileType = text.plist.strings; name = es; path = es.lproj/InfoPlist.strings; sourceTree = "<group>"; };
		59CA43F91FCA907F00E11342 /* ru */ = {isa = PBXFileReference; lastKnownFileType = text.plist.strings; name = ru; path = ru.lproj/Localizable.strings; sourceTree = "<group>"; };
		59CA43FA1FCA907F00E11342 /* ru */ = {isa = PBXFileReference; lastKnownFileType = text.plist.strings; name = ru; path = ru.lproj/InfoPlist.strings; sourceTree = "<group>"; };
		59CA43FB1FCA908B00E11342 /* zh-Hans */ = {isa = PBXFileReference; lastKnownFileType = text.plist.strings; name = "zh-Hans"; path = "zh-Hans.lproj/Localizable.strings"; sourceTree = "<group>"; };
		59CA43FC1FCA908B00E11342 /* zh-Hans */ = {isa = PBXFileReference; lastKnownFileType = text.plist.strings; name = "zh-Hans"; path = "zh-Hans.lproj/InfoPlist.strings"; sourceTree = "<group>"; };
/* End PBXFileReference section */

/* Begin PBXFrameworksBuildPhase section */
		59CA43971FCA827900E11342 /* Frameworks */ = {
			isa = PBXFrameworksBuildPhase;
			buildActionMask = 2147483647;
			files = (
			);
			runOnlyForDeploymentPostprocessing = 0;
		};
		59CA43AB1FCA827A00E11342 /* Frameworks */ = {
			isa = PBXFrameworksBuildPhase;
			buildActionMask = 2147483647;
			files = (
			);
			runOnlyForDeploymentPostprocessing = 0;
		};
		59CA43B61FCA827A00E11342 /* Frameworks */ = {
			isa = PBXFrameworksBuildPhase;
			buildActionMask = 2147483647;
			files = (
			);
			runOnlyForDeploymentPostprocessing = 0;
		};
/* End PBXFrameworksBuildPhase section */

/* Begin PBXGroup section */
		59CA43911FCA827900E11342 = {
			isa = PBXGroup;
			children = (
				59CA439C1FCA827900E11342 /* WeatherNow */,
				59CA43B11FCA827A00E11342 /* WeatherNowTests */,
				59CA43BC1FCA827A00E11342 /* WeatherNowUITests */,
				59CA439B1FCA827900E11342 /* Products */,
			);
			sourceTree = "<group>";
		};
		59CA439B1FCA827900E11342 /* Products */ = {
			isa = PBXGroup;
			children = (
				59CA439A1FCA827900E11342 /* WeatherNow.app */,
				59CA43AE1FCA827A00E11342 /* WeatherNowTests.xctest */,
				59CA43B91FCA827A00E11342 /* WeatherNowUITests.xctest */,
			);
			name = Products;
			sourceTree = "<group>";
		};
		59CA439C1FCA827900E11342 /* WeatherNow */ = {
			isa = PBXGroup;
			children = (
				59CA43E01FCA8A8600E11342 /* Images */,
				59CA43CF1FCA895B00E11342 /* Models */,
				59CA439D1FCA827A00E11342 /* AppDelegate.swift */,
				59CA43CB1FCA831D00E11342 /* IntroViewController.swift */,
				59CA439F1FCA827A00E11342 /* MainViewController.swift */,
				59CA43CD1FCA837200E11342 /* LocationSettingsViewController.swift */,
				59CA43A11FCA827A00E11342 /* Main.storyboard */,
				59CA43A41FCA827A00E11342 /* Assets.xcassets */,
				59CA43A91FCA827A00E11342 /* Info.plist */,
				59CA43DD1FCA8A5F00E11342 /* Localizable.strings */,
				59CA43F31FCA8EA700E11342 /* InfoPlist.strings */,
			);
			path = WeatherNow;
			sourceTree = "<group>";
		};
		59CA43B11FCA827A00E11342 /* WeatherNowTests */ = {
			isa = PBXGroup;
			children = (
				59CA43B21FCA827A00E11342 /* WeatherNowTests.swift */,
				59CA43B41FCA827A00E11342 /* Info.plist */,
			);
			path = WeatherNowTests;
			sourceTree = "<group>";
		};
		59CA43BC1FCA827A00E11342 /* WeatherNowUITests */ = {
			isa = PBXGroup;
			children = (
				59CA43BD1FCA827A00E11342 /* WeatherNowUITests.swift */,
				59CA43BF1FCA827A00E11342 /* Info.plist */,
			);
			path = WeatherNowUITests;
			sourceTree = "<group>";
		};
		59CA43CF1FCA895B00E11342 /* Models */ = {
			isa = PBXGroup;
			children = (
				59CA43D21FCA89A500E11342 /* CurrentWeatherObject.swift */,
				59CA43D51FCA89CD00E11342 /* CoordinateObject.swift */,
				59CA43D71FCA89E900E11342 /* MainWeatherInfoObject.swift */,
				59CA43D91FCA8A0400E11342 /* WindObject.swift */,
				59CA43DB1FCA8A1900E11342 /* WeatherObject.swift */,
			);
			path = Models;
			sourceTree = "<group>";
		};
		59CA43E01FCA8A8600E11342 /* Images */ = {
			isa = PBXGroup;
			children = (
				59CA43E61FCA8AA500E11342 /* location_icon.png */,
				59CA43E11FCA8AA500E11342 /* location_icon@2x.png */,
				59CA43E71FCA8AA500E11342 /* location_icon@3x.png */,
				59CA43E41FCA8AA500E11342 /* search_icon.png */,
				59CA43E21FCA8AA500E11342 /* search_icon@2x.png */,
				59CA43E81FCA8AA500E11342 /* search_icon@3x.png */,
				59CA43E51FCA8AA500E11342 /* weather_launch_image.png */,
				59CA43E91FCA8AA500E11342 /* weather_launch_image@2x.png */,
				59CA43E31FCA8AA500E11342 /* weather_launch_image@3x.png */,
			);
			path = Images;
			sourceTree = "<group>";
		};
/* End PBXGroup section */

/* Begin PBXNativeTarget section */
		59CA43991FCA827900E11342 /* WeatherNow */ = {
			isa = PBXNativeTarget;
			buildConfigurationList = 59CA43C21FCA827A00E11342 /* Build configuration list for PBXNativeTarget "WeatherNow" */;
			buildPhases = (
				59CA43961FCA827900E11342 /* Sources */,
				59CA43971FCA827900E11342 /* Frameworks */,
				59CA43981FCA827900E11342 /* Resources */,
			);
			buildRules = (
			);
			dependencies = (
			);
			name = WeatherNow;
			productName = WeatherNow;
			productReference = 59CA439A1FCA827900E11342 /* WeatherNow.app */;
			productType = "com.apple.product-type.application";
		};
		59CA43AD1FCA827A00E11342 /* WeatherNowTests */ = {
			isa = PBXNativeTarget;
			buildConfigurationList = 59CA43C51FCA827A00E11342 /* Build configuration list for PBXNativeTarget "WeatherNowTests" */;
			buildPhases = (
				59CA43AA1FCA827A00E11342 /* Sources */,
				59CA43AB1FCA827A00E11342 /* Frameworks */,
				59CA43AC1FCA827A00E11342 /* Resources */,
			);
			buildRules = (
			);
			dependencies = (
				59CA43B01FCA827A00E11342 /* PBXTargetDependency */,
			);
			name = WeatherNowTests;
			productName = WeatherNowTests;
			productReference = 59CA43AE1FCA827A00E11342 /* WeatherNowTests.xctest */;
			productType = "com.apple.product-type.bundle.unit-test";
		};
		59CA43B81FCA827A00E11342 /* WeatherNowUITests */ = {
			isa = PBXNativeTarget;
			buildConfigurationList = 59CA43C81FCA827A00E11342 /* Build configuration list for PBXNativeTarget "WeatherNowUITests" */;
			buildPhases = (
				59CA43B51FCA827A00E11342 /* Sources */,
				59CA43B61FCA827A00E11342 /* Frameworks */,
				59CA43B71FCA827A00E11342 /* Resources */,
			);
			buildRules = (
			);
			dependencies = (
				59CA43BB1FCA827A00E11342 /* PBXTargetDependency */,
			);
			name = WeatherNowUITests;
			productName = WeatherNowUITests;
			productReference = 59CA43B91FCA827A00E11342 /* WeatherNowUITests.xctest */;
			productType = "com.apple.product-type.bundle.ui-testing";
		};
/* End PBXNativeTarget section */

/* Begin PBXProject section */
		59CA43921FCA827900E11342 /* Project object */ = {
			isa = PBXProject;
			attributes = {
				LastSwiftUpdateCheck = 0910;
				LastUpgradeCheck = 0910;
				ORGANIZATIONNAME = "Lawrence Herb";
				TargetAttributes = {
					59CA43991FCA827900E11342 = {
						CreatedOnToolsVersion = 9.1;
						ProvisioningStyle = Automatic;
					};
					59CA43AD1FCA827A00E11342 = {
						CreatedOnToolsVersion = 9.1;
						ProvisioningStyle = Automatic;
						TestTargetID = 59CA43991FCA827900E11342;
					};
					59CA43B81FCA827A00E11342 = {
						CreatedOnToolsVersion = 9.1;
						ProvisioningStyle = Automatic;
						TestTargetID = 59CA43991FCA827900E11342;
					};
				};
			};
			buildConfigurationList = 59CA43951FCA827900E11342 /* Build configuration list for PBXProject "WeatherNow" */;
			compatibilityVersion = "Xcode 8.0";
			developmentRegion = en;
			hasScannedForEncodings = 0;
			knownRegions = (
				en,
				Base,
				es,
				ru,
				"zh-Hans",
			);
			mainGroup = 59CA43911FCA827900E11342;
			productRefGroup = 59CA439B1FCA827900E11342 /* Products */;
			projectDirPath = "";
			projectRoot = "";
			targets = (
				59CA43991FCA827900E11342 /* WeatherNow */,
				59CA43AD1FCA827A00E11342 /* WeatherNowTests */,
				59CA43B81FCA827A00E11342 /* WeatherNowUITests */,
			);
		};
/* End PBXProject section */

/* Begin PBXResourcesBuildPhase section */
		59CA43981FCA827900E11342 /* Resources */ = {
			isa = PBXResourcesBuildPhase;
			buildActionMask = 2147483647;
			files = (
				59CA43A51FCA827A00E11342 /* Assets.xcassets in Resources */,
				59CA43DF1FCA8A5F00E11342 /* Localizable.strings in Resources */,
				59CA43EA1FCA8AA500E11342 /* location_icon@2x.png in Resources */,
				59CA43F51FCA8EA700E11342 /* InfoPlist.strings in Resources */,
				59CA43F01FCA8AA500E11342 /* location_icon@3x.png in Resources */,
				59CA43F21FCA8AA500E11342 /* weather_launch_image@2x.png in Resources */,
				59CA43EB1FCA8AA500E11342 /* search_icon@2x.png in Resources */,
				59CA43ED1FCA8AA500E11342 /* search_icon.png in Resources */,
				59CA43A31FCA827A00E11342 /* Main.storyboard in Resources */,
				59CA43EF1FCA8AA500E11342 /* location_icon.png in Resources */,
				59CA43EC1FCA8AA500E11342 /* weather_launch_image@3x.png in Resources */,
				59CA43F11FCA8AA500E11342 /* search_icon@3x.png in Resources */,
				59CA43EE1FCA8AA500E11342 /* weather_launch_image.png in Resources */,
			);
			runOnlyForDeploymentPostprocessing = 0;
		};
		59CA43AC1FCA827A00E11342 /* Resources */ = {
			isa = PBXResourcesBuildPhase;
			buildActionMask = 2147483647;
			files = (
			);
			runOnlyForDeploymentPostprocessing = 0;
		};
		59CA43B71FCA827A00E11342 /* Resources */ = {
			isa = PBXResourcesBuildPhase;
			buildActionMask = 2147483647;
			files = (
			);
			runOnlyForDeploymentPostprocessing = 0;
		};
/* End PBXResourcesBuildPhase section */

/* Begin PBXSourcesBuildPhase section */
		59CA43961FCA827900E11342 /* Sources */ = {
			isa = PBXSourcesBuildPhase;
			buildActionMask = 2147483647;
			files = (
				59CA43D61FCA89CD00E11342 /* CoordinateObject.swift in Sources */,
				59CA43CE1FCA837200E11342 /* LocationSettingsViewController.swift in Sources */,
				59CA43D31FCA89A500E11342 /* CurrentWeatherObject.swift in Sources */,
				59CA43CC1FCA831D00E11342 /* IntroViewController.swift in Sources */,
				59CA43DA1FCA8A0400E11342 /* WindObject.swift in Sources */,
				59CA43A01FCA827A00E11342 /* MainViewController.swift in Sources */,
				59CA43D81FCA89E900E11342 /* MainWeatherInfoObject.swift in Sources */,
				59CA439E1FCA827A00E11342 /* AppDelegate.swift in Sources */,
				59CA43DC1FCA8A1900E11342 /* WeatherObject.swift in Sources */,
			);
			runOnlyForDeploymentPostprocessing = 0;
		};
		59CA43AA1FCA827A00E11342 /* Sources */ = {
			isa = PBXSourcesBuildPhase;
			buildActionMask = 2147483647;
			files = (
				59CA43B31FCA827A00E11342 /* WeatherNowTests.swift in Sources */,
			);
			runOnlyForDeploymentPostprocessing = 0;
		};
		59CA43B51FCA827A00E11342 /* Sources */ = {
			isa = PBXSourcesBuildPhase;
			buildActionMask = 2147483647;
			files = (
				59CA43BE1FCA827A00E11342 /* WeatherNowUITests.swift in Sources */,
			);
			runOnlyForDeploymentPostprocessing = 0;
		};
/* End PBXSourcesBuildPhase section */

/* Begin PBXTargetDependency section */
		59CA43B01FCA827A00E11342 /* PBXTargetDependency */ = {
			isa = PBXTargetDependency;
			target = 59CA43991FCA827900E11342 /* WeatherNow */;
			targetProxy = 59CA43AF1FCA827A00E11342 /* PBXContainerItemProxy */;
		};
		59CA43BB1FCA827A00E11342 /* PBXTargetDependency */ = {
			isa = PBXTargetDependency;
			target = 59CA43991FCA827900E11342 /* WeatherNow */;
			targetProxy = 59CA43BA1FCA827A00E11342 /* PBXContainerItemProxy */;
		};
/* End PBXTargetDependency section */

/* Begin PBXVariantGroup section */
		59CA43A11FCA827A00E11342 /* Main.storyboard */ = {
			isa = PBXVariantGroup;
			children = (
				59CA43A21FCA827A00E11342 /* Base */,
			);
			name = Main.storyboard;
			sourceTree = "<group>";
		};
		59CA43DD1FCA8A5F00E11342 /* Localizable.strings */ = {
			isa = PBXVariantGroup;
			children = (
				59CA43DE1FCA8A5F00E11342 /* Base */,
				59CA43F71FCA907600E11342 /* es */,
				59CA43F91FCA907F00E11342 /* ru */,
				59CA43FB1FCA908B00E11342 /* zh-Hans */,
			);
			name = Localizable.strings;
			sourceTree = "<group>";
		};
		59CA43F31FCA8EA700E11342 /* InfoPlist.strings */ = {
			isa = PBXVariantGroup;
			children = (
				59CA43F41FCA8EA700E11342 /* Base */,
				59CA43F81FCA907600E11342 /* es */,
				59CA43FA1FCA907F00E11342 /* ru */,
				59CA43FC1FCA908B00E11342 /* zh-Hans */,
			);
			name = InfoPlist.strings;
			sourceTree = "<group>";
		};
/* End PBXVariantGroup section */

/* Begin XCBuildConfiguration section */
		59CA43C01FCA827A00E11342 /* Debug */ = {
			isa = XCBuildConfiguration;
			buildSettings = {
				ALWAYS_SEARCH_USER_PATHS = NO;
				CLANG_ANALYZER_LOCALIZABILITY_NONLOCALIZED = YES;
				CLANG_ANALYZER_NONNULL = YES;
				CLANG_ANALYZER_NUMBER_OBJECT_CONVERSION = YES_AGGRESSIVE;
				CLANG_CXX_LANGUAGE_STANDARD = "gnu++14";
				CLANG_CXX_LIBRARY = "libc++";
				CLANG_ENABLE_MODULES = YES;
				CLANG_ENABLE_OBJC_ARC = YES;
				CLANG_WARN_BLOCK_CAPTURE_AUTORELEASING = YES;
				CLANG_WARN_BOOL_CONVERSION = YES;
				CLANG_WARN_COMMA = YES;
				CLANG_WARN_CONSTANT_CONVERSION = YES;
				CLANG_WARN_DIRECT_OBJC_ISA_USAGE = YES_ERROR;
				CLANG_WARN_DOCUMENTATION_COMMENTS = YES;
				CLANG_WARN_EMPTY_BODY = YES;
				CLANG_WARN_ENUM_CONVERSION = YES;
				CLANG_WARN_INFINITE_RECURSION = YES;
				CLANG_WARN_INT_CONVERSION = YES;
				CLANG_WARN_NON_LITERAL_NULL_CONVERSION = YES;
				CLANG_WARN_OBJC_LITERAL_CONVERSION = YES;
				CLANG_WARN_OBJC_ROOT_CLASS = YES_ERROR;
				CLANG_WARN_RANGE_LOOP_ANALYSIS = YES;
				CLANG_WARN_STRICT_PROTOTYPES = YES;
				CLANG_WARN_SUSPICIOUS_MOVE = YES;
				CLANG_WARN_UNGUARDED_AVAILABILITY = YES_AGGRESSIVE;
				CLANG_WARN_UNREACHABLE_CODE = YES;
				CLANG_WARN__DUPLICATE_METHOD_MATCH = YES;
				CODE_SIGN_IDENTITY = "iPhone Developer";
				COPY_PHASE_STRIP = NO;
				DEBUG_INFORMATION_FORMAT = dwarf;
				ENABLE_STRICT_OBJC_MSGSEND = YES;
				ENABLE_TESTABILITY = YES;
				GCC_C_LANGUAGE_STANDARD = gnu11;
				GCC_DYNAMIC_NO_PIC = NO;
				GCC_NO_COMMON_BLOCKS = YES;
				GCC_OPTIMIZATION_LEVEL = 0;
				GCC_PREPROCESSOR_DEFINITIONS = (
					"DEBUG=1",
					"$(inherited)",
				);
				GCC_WARN_64_TO_32_BIT_CONVERSION = YES;
				GCC_WARN_ABOUT_RETURN_TYPE = YES_ERROR;
				GCC_WARN_UNDECLARED_SELECTOR = YES;
				GCC_WARN_UNINITIALIZED_AUTOS = YES_AGGRESSIVE;
				GCC_WARN_UNUSED_FUNCTION = YES;
				GCC_WARN_UNUSED_VARIABLE = YES;
				IPHONEOS_DEPLOYMENT_TARGET = 11.1;
				MTL_ENABLE_DEBUG_INFO = YES;
				ONLY_ACTIVE_ARCH = YES;
				SDKROOT = iphoneos;
				SWIFT_ACTIVE_COMPILATION_CONDITIONS = DEBUG;
				SWIFT_OPTIMIZATION_LEVEL = "-Onone";
			};
			name = Debug;
		};
		59CA43C11FCA827A00E11342 /* Release */ = {
			isa = XCBuildConfiguration;
			buildSettings = {
				ALWAYS_SEARCH_USER_PATHS = NO;
				CLANG_ANALYZER_LOCALIZABILITY_NONLOCALIZED = YES;
				CLANG_ANALYZER_NONNULL = YES;
				CLANG_ANALYZER_NUMBER_OBJECT_CONVERSION = YES_AGGRESSIVE;
				CLANG_CXX_LANGUAGE_STANDARD = "gnu++14";
				CLANG_CXX_LIBRARY = "libc++";
				CLANG_ENABLE_MODULES = YES;
				CLANG_ENABLE_OBJC_ARC = YES;
				CLANG_WARN_BLOCK_CAPTURE_AUTORELEASING = YES;
				CLANG_WARN_BOOL_CONVERSION = YES;
				CLANG_WARN_COMMA = YES;
				CLANG_WARN_CONSTANT_CONVERSION = YES;
				CLANG_WARN_DIRECT_OBJC_ISA_USAGE = YES_ERROR;
				CLANG_WARN_DOCUMENTATION_COMMENTS = YES;
				CLANG_WARN_EMPTY_BODY = YES;
				CLANG_WARN_ENUM_CONVERSION = YES;
				CLANG_WARN_INFINITE_RECURSION = YES;
				CLANG_WARN_INT_CONVERSION = YES;
				CLANG_WARN_NON_LITERAL_NULL_CONVERSION = YES;
				CLANG_WARN_OBJC_LITERAL_CONVERSION = YES;
				CLANG_WARN_OBJC_ROOT_CLASS = YES_ERROR;
				CLANG_WARN_RANGE_LOOP_ANALYSIS = YES;
				CLANG_WARN_STRICT_PROTOTYPES = YES;
				CLANG_WARN_SUSPICIOUS_MOVE = YES;
				CLANG_WARN_UNGUARDED_AVAILABILITY = YES_AGGRESSIVE;
				CLANG_WARN_UNREACHABLE_CODE = YES;
				CLANG_WARN__DUPLICATE_METHOD_MATCH = YES;
				CODE_SIGN_IDENTITY = "iPhone Developer";
				COPY_PHASE_STRIP = NO;
				DEBUG_INFORMATION_FORMAT = "dwarf-with-dsym";
				ENABLE_NS_ASSERTIONS = NO;
				ENABLE_STRICT_OBJC_MSGSEND = YES;
				GCC_C_LANGUAGE_STANDARD = gnu11;
				GCC_NO_COMMON_BLOCKS = YES;
				GCC_WARN_64_TO_32_BIT_CONVERSION = YES;
				GCC_WARN_ABOUT_RETURN_TYPE = YES_ERROR;
				GCC_WARN_UNDECLARED_SELECTOR = YES;
				GCC_WARN_UNINITIALIZED_AUTOS = YES_AGGRESSIVE;
				GCC_WARN_UNUSED_FUNCTION = YES;
				GCC_WARN_UNUSED_VARIABLE = YES;
				IPHONEOS_DEPLOYMENT_TARGET = 11.1;
				MTL_ENABLE_DEBUG_INFO = NO;
				SDKROOT = iphoneos;
				SWIFT_OPTIMIZATION_LEVEL = "-Owholemodule";
				VALIDATE_PRODUCT = YES;
			};
			name = Release;
		};
		59CA43C31FCA827A00E11342 /* Debug */ = {
			isa = XCBuildConfiguration;
			buildSettings = {
				ASSETCATALOG_COMPILER_APPICON_NAME = AppIcon;
				CODE_SIGN_STYLE = Automatic;
				DEVELOPMENT_TEAM = BCEB76ZUQG;
				INFOPLIST_FILE = WeatherNow/Info.plist;
				LD_RUNPATH_SEARCH_PATHS = "$(inherited) @executable_path/Frameworks";
				PRODUCT_BUNDLE_IDENTIFIER = com.larryherb.WeatherNow;
				PRODUCT_NAME = "$(TARGET_NAME)";
				SWIFT_VERSION = 4.0;
				TARGETED_DEVICE_FAMILY = "1,2";
			};
			name = Debug;
		};
		59CA43C41FCA827A00E11342 /* Release */ = {
			isa = XCBuildConfiguration;
			buildSettings = {
				ASSETCATALOG_COMPILER_APPICON_NAME = AppIcon;
				CODE_SIGN_STYLE = Automatic;
				DEVELOPMENT_TEAM = BCEB76ZUQG;
				INFOPLIST_FILE = WeatherNow/Info.plist;
				LD_RUNPATH_SEARCH_PATHS = "$(inherited) @executable_path/Frameworks";
				PRODUCT_BUNDLE_IDENTIFIER = com.larryherb.WeatherNow;
				PRODUCT_NAME = "$(TARGET_NAME)";
				SWIFT_VERSION = 4.0;
				TARGETED_DEVICE_FAMILY = "1,2";
			};
			name = Release;
		};
		59CA43C61FCA827A00E11342 /* Debug */ = {
			isa = XCBuildConfiguration;
			buildSettings = {
				ALWAYS_EMBED_SWIFT_STANDARD_LIBRARIES = YES;
				BUNDLE_LOADER = "$(TEST_HOST)";
				CODE_SIGN_STYLE = Automatic;
				DEVELOPMENT_TEAM = BCEB76ZUQG;
				INFOPLIST_FILE = WeatherNowTests/Info.plist;
				LD_RUNPATH_SEARCH_PATHS = "$(inherited) @executable_path/Frameworks @loader_path/Frameworks";
				PRODUCT_BUNDLE_IDENTIFIER = larryherb.WeatherNowTests;
				PRODUCT_NAME = "$(TARGET_NAME)";
				SWIFT_VERSION = 4.0;
				TARGETED_DEVICE_FAMILY = "1,2";
				TEST_HOST = "$(BUILT_PRODUCTS_DIR)/WeatherNow.app/WeatherNow";
			};
			name = Debug;
		};
		59CA43C71FCA827A00E11342 /* Release */ = {
			isa = XCBuildConfiguration;
			buildSettings = {
				ALWAYS_EMBED_SWIFT_STANDARD_LIBRARIES = YES;
				BUNDLE_LOADER = "$(TEST_HOST)";
				CODE_SIGN_STYLE = Automatic;
				DEVELOPMENT_TEAM = BCEB76ZUQG;
				INFOPLIST_FILE = WeatherNowTests/Info.plist;
				LD_RUNPATH_SEARCH_PATHS = "$(inherited) @executable_path/Frameworks @loader_path/Frameworks";
				PRODUCT_BUNDLE_IDENTIFIER = larryherb.WeatherNowTests;
				PRODUCT_NAME = "$(TARGET_NAME)";
				SWIFT_VERSION = 4.0;
				TARGETED_DEVICE_FAMILY = "1,2";
				TEST_HOST = "$(BUILT_PRODUCTS_DIR)/WeatherNow.app/WeatherNow";
			};
			name = Release;
		};
		59CA43C91FCA827A00E11342 /* Debug */ = {
			isa = XCBuildConfiguration;
			buildSettings = {
				ALWAYS_EMBED_SWIFT_STANDARD_LIBRARIES = YES;
				CODE_SIGN_STYLE = Automatic;
				DEVELOPMENT_TEAM = BCEB76ZUQG;
				INFOPLIST_FILE = WeatherNowUITests/Info.plist;
				LD_RUNPATH_SEARCH_PATHS = "$(inherited) @executable_path/Frameworks @loader_path/Frameworks";
				PRODUCT_BUNDLE_IDENTIFIER = larryherb.WeatherNowUITests;
				PRODUCT_NAME = "$(TARGET_NAME)";
				SWIFT_VERSION = 4.0;
				TARGETED_DEVICE_FAMILY = "1,2";
				TEST_TARGET_NAME = WeatherNow;
			};
			name = Debug;
		};
		59CA43CA1FCA827A00E11342 /* Release */ = {
			isa = XCBuildConfiguration;
			buildSettings = {
				ALWAYS_EMBED_SWIFT_STANDARD_LIBRARIES = YES;
				CODE_SIGN_STYLE = Automatic;
				DEVELOPMENT_TEAM = BCEB76ZUQG;
				INFOPLIST_FILE = WeatherNowUITests/Info.plist;
				LD_RUNPATH_SEARCH_PATHS = "$(inherited) @executable_path/Frameworks @loader_path/Frameworks";
				PRODUCT_BUNDLE_IDENTIFIER = larryherb.WeatherNowUITests;
				PRODUCT_NAME = "$(TARGET_NAME)";
				SWIFT_VERSION = 4.0;
				TARGETED_DEVICE_FAMILY = "1,2";
				TEST_TARGET_NAME = WeatherNow;
			};
			name = Release;
		};
/* End XCBuildConfiguration section */

/* Begin XCConfigurationList section */
		59CA43951FCA827900E11342 /* Build configuration list for PBXProject "WeatherNow" */ = {
			isa = XCConfigurationList;
			buildConfigurations = (
				59CA43C01FCA827A00E11342 /* Debug */,
				59CA43C11FCA827A00E11342 /* Release */,
			);
			defaultConfigurationIsVisible = 0;
			defaultConfigurationName = Release;
		};
		59CA43C21FCA827A00E11342 /* Build configuration list for PBXNativeTarget "WeatherNow" */ = {
			isa = XCConfigurationList;
			buildConfigurations = (
				59CA43C31FCA827A00E11342 /* Debug */,
				59CA43C41FCA827A00E11342 /* Release */,
			);
			defaultConfigurationIsVisible = 0;
			defaultConfigurationName = Release;
		};
		59CA43C51FCA827A00E11342 /* Build configuration list for PBXNativeTarget "WeatherNowTests" */ = {
			isa = XCConfigurationList;
			buildConfigurations = (
				59CA43C61FCA827A00E11342 /* Debug */,
				59CA43C71FCA827A00E11342 /* Release */,
			);
			defaultConfigurationIsVisible = 0;
			defaultConfigurationName = Release;
		};
		59CA43C81FCA827A00E11342 /* Build configuration list for PBXNativeTarget "WeatherNowUITests" */ = {
			isa = XCConfigurationList;
			buildConfigurations = (
				59CA43C91FCA827A00E11342 /* Debug */,
				59CA43CA1FCA827A00E11342 /* Release */,
			);
			defaultConfigurationIsVisible = 0;
			defaultConfigurationName = Release;
		};
/* End XCConfigurationList section */
	};
	rootObject = 59CA43921FCA827900E11342 /* Project object */;
}
